github.com/BurntSushi/toml v0.3.1 h1:WXkYYl6Yr3qBf1K79EBnL4mak0OimBfB0XUf9Vl28OQ=
github.com/BurntSushi/toml v0.3.1/go.mod h1:xHWCNGjB5oqiDr8zfno3MHue2Ht5sIBksp03qcyfWMU=
github.com/akrylysov/pogreb v0.10.1 h1:FqlR8VR7uCbJdfUob916tPM+idpKgeESDXOA1K0DK4w=
github.com/akrylysov/pogreb v0.10.1/go.mod h1:pNs6QmpQ1UlTJKDezuRWmaqkgUE2TuU0YTWyqJZ7+lI=
github.com/bakape/thumbnailer v1.0.0 h1:fmaLCJ6sJ5wCAUmB3hhzgFAZ5G3cpueo3olI9N0ox3E=
github.com/bakape/thumbnailer v1.0.0/go.mod h1:PVB2nXXJHD4KAUWn9HaNKtWeDeAb9BFQ7oDOAdZCKUM=
